
Microsoft Visual Studio Solution File, Format Version 12.00
# Visual Studio Version 17
VisualStudioVersion = 17.5.33414.496
MinimumVisualStudioVersion = 10.0.40219.1
Project("{9A19103F-16F7-4668-BE54-9A1E7A4F7556}") = "Chatify.Infrastructure", "Chatify.Infrastructure\Chatify.Infrastructure.csproj", "{8903C3D6-CD63-4583-AF13-0CE3837C7F7D}"
EndProject
Project("{9A19103F-16F7-4668-BE54-9A1E7A4F7556}") = "Chatify.Shared.Abstractions", "Chatify.Shared.Abstractions\Chatify.Shared.Abstractions.csproj", "{B6D57018-1A06-49C9-999D-733FAD782DA4}"
EndProject
Project("{2150E333-8FDC-42A3-9474-1A3956D46DE8}") = "Shared", "Shared", "{3166F64A-F53F-4569-B01E-FC62CD879509}"
EndProject
Project("{9A19103F-16F7-4668-BE54-9A1E7A4F7556}") = "Chatify.Shared.Infrastructure", "Chatify.Shared.Infrastructure\Chatify.Shared.Infrastructure.csproj", "{C115D48B-C1AF-410D-A134-9B6F2EB9D7DA}"
EndProject
Project("{9A19103F-16F7-4668-BE54-9A1E7A4F7556}") = "Chatify.Application", "Chatify.Application\Chatify.Application.csproj", "{D98CEDF3-052A-4497-A7AC-2AA846030314}"
EndProject
Project("{9A19103F-16F7-4668-BE54-9A1E7A4F7556}") = "Chatify.Domain", "Chatify.Domain\Chatify.Domain.csproj", "{B9827A54-D4E2-4E12-A3D4-78BD7EA020C7}"
EndProject
Project("{9A19103F-16F7-4668-BE54-9A1E7A4F7556}") = "Chatify.Web", "Chatify.Web\Chatify.Web.csproj", "{711A308A-F0D6-4C7A-B009-00404BF5A9D3}"
EndProject
Project("{FAE04EC0-301F-11D3-BF4B-00C04F79EFBC}") = "Playgrounds", "Playgrounds\Playgrounds.csproj", "{D69BEC4D-166C-4B96-B3FC-C859D9050C40}"
EndProject
Project("{2150E333-8FDC-42A3-9474-1A3956D46DE8}") = "Tests", "Tests", "{967E3E19-F23E-4082-BD78-00D365832ED0}"
EndProject
Project("{FAE04EC0-301F-11D3-BF4B-00C04F79EFBC}") = "Chatify.IntegrationTesting", "Chatify.IntegrationTesting\Chatify.IntegrationTesting.csproj", "{33682A3E-2F6D-4701-B414-ABD56A8E172E}"
EndProject
Project("{FAE04EC0-301F-11D3-BF4B-00C04F79EFBC}") = "Chatify.IntegrationTesting.NUnit", "Chatify.IntegrationTesting.NUnit\Chatify.IntegrationTesting.NUnit.csproj", "{47A7A492-6A37-4BBF-97DB-1B0DDF66F2C6}"
EndProject
Project("{FAE04EC0-301F-11D3-BF4B-00C04F79EFBC}") = "Chatify.GraphQL", "Chatify.GraphQL\Chatify.GraphQL.csproj", "{356D9138-A74A-479C-97AA-4FC7693C1551}"
EndProject
Global
	GlobalSection(SolutionConfigurationPlatforms) = preSolution
		Debug|Any CPU = Debug|Any CPU
		Debug|ARM64 = Debug|ARM64
		Debug|x64 = Debug|x64
		Debug|x86 = Debug|x86
		Release|Any CPU = Release|Any CPU
		Release|ARM64 = Release|ARM64
		Release|x64 = Release|x64
		Release|x86 = Release|x86
	EndGlobalSection
	GlobalSection(ProjectConfigurationPlatforms) = postSolution
		{8903C3D6-CD63-4583-AF13-0CE3837C7F7D}.Debug|Any CPU.ActiveCfg = Debug|Any CPU
		{8903C3D6-CD63-4583-AF13-0CE3837C7F7D}.Debug|Any CPU.Build.0 = Debug|Any CPU
		{8903C3D6-CD63-4583-AF13-0CE3837C7F7D}.Debug|ARM64.ActiveCfg = Debug|Any CPU
		{8903C3D6-CD63-4583-AF13-0CE3837C7F7D}.Debug|ARM64.Build.0 = Debug|Any CPU
		{8903C3D6-CD63-4583-AF13-0CE3837C7F7D}.Debug|x64.ActiveCfg = Debug|Any CPU
		{8903C3D6-CD63-4583-AF13-0CE3837C7F7D}.Debug|x64.Build.0 = Debug|Any CPU
		{8903C3D6-CD63-4583-AF13-0CE3837C7F7D}.Debug|x86.ActiveCfg = Debug|Any CPU
		{8903C3D6-CD63-4583-AF13-0CE3837C7F7D}.Debug|x86.Build.0 = Debug|Any CPU
		{8903C3D6-CD63-4583-AF13-0CE3837C7F7D}.Release|Any CPU.ActiveCfg = Release|Any CPU
		{8903C3D6-CD63-4583-AF13-0CE3837C7F7D}.Release|Any CPU.Build.0 = Release|Any CPU
		{8903C3D6-CD63-4583-AF13-0CE3837C7F7D}.Release|ARM64.ActiveCfg = Release|Any CPU
		{8903C3D6-CD63-4583-AF13-0CE3837C7F7D}.Release|ARM64.Build.0 = Release|Any CPU
		{8903C3D6-CD63-4583-AF13-0CE3837C7F7D}.Release|x64.ActiveCfg = Release|Any CPU
		{8903C3D6-CD63-4583-AF13-0CE3837C7F7D}.Release|x64.Build.0 = Release|Any CPU
		{8903C3D6-CD63-4583-AF13-0CE3837C7F7D}.Release|x86.ActiveCfg = Release|Any CPU
		{8903C3D6-CD63-4583-AF13-0CE3837C7F7D}.Release|x86.Build.0 = Release|Any CPU
		{B6D57018-1A06-49C9-999D-733FAD782DA4}.Debug|Any CPU.ActiveCfg = Debug|Any CPU
		{B6D57018-1A06-49C9-999D-733FAD782DA4}.Debug|Any CPU.Build.0 = Debug|Any CPU
		{B6D57018-1A06-49C9-999D-733FAD782DA4}.Debug|ARM64.ActiveCfg = Debug|Any CPU
		{B6D57018-1A06-49C9-999D-733FAD782DA4}.Debug|ARM64.Build.0 = Debug|Any CPU
		{B6D57018-1A06-49C9-999D-733FAD782DA4}.Debug|x64.ActiveCfg = Debug|Any CPU
		{B6D57018-1A06-49C9-999D-733FAD782DA4}.Debug|x64.Build.0 = Debug|Any CPU
		{B6D57018-1A06-49C9-999D-733FAD782DA4}.Debug|x86.ActiveCfg = Debug|Any CPU
		{B6D57018-1A06-49C9-999D-733FAD782DA4}.Debug|x86.Build.0 = Debug|Any CPU
		{B6D57018-1A06-49C9-999D-733FAD782DA4}.Release|Any CPU.ActiveCfg = Release|Any CPU
		{B6D57018-1A06-49C9-999D-733FAD782DA4}.Release|Any CPU.Build.0 = Release|Any CPU
		{B6D57018-1A06-49C9-999D-733FAD782DA4}.Release|ARM64.ActiveCfg = Release|Any CPU
		{B6D57018-1A06-49C9-999D-733FAD782DA4}.Release|ARM64.Build.0 = Release|Any CPU
		{B6D57018-1A06-49C9-999D-733FAD782DA4}.Release|x64.ActiveCfg = Release|Any CPU
		{B6D57018-1A06-49C9-999D-733FAD782DA4}.Release|x64.Build.0 = Release|Any CPU
		{B6D57018-1A06-49C9-999D-733FAD782DA4}.Release|x86.ActiveCfg = Release|Any CPU
		{B6D57018-1A06-49C9-999D-733FAD782DA4}.Release|x86.Build.0 = Release|Any CPU
		{C115D48B-C1AF-410D-A134-9B6F2EB9D7DA}.Debug|Any CPU.ActiveCfg = Debug|Any CPU
		{C115D48B-C1AF-410D-A134-9B6F2EB9D7DA}.Debug|Any CPU.Build.0 = Debug|Any CPU
		{C115D48B-C1AF-410D-A134-9B6F2EB9D7DA}.Debug|ARM64.ActiveCfg = Debug|Any CPU
		{C115D48B-C1AF-410D-A134-9B6F2EB9D7DA}.Debug|ARM64.Build.0 = Debug|Any CPU
		{C115D48B-C1AF-410D-A134-9B6F2EB9D7DA}.Debug|x64.ActiveCfg = Debug|Any CPU
		{C115D48B-C1AF-410D-A134-9B6F2EB9D7DA}.Debug|x64.Build.0 = Debug|Any CPU
		{C115D48B-C1AF-410D-A134-9B6F2EB9D7DA}.Debug|x86.ActiveCfg = Debug|Any CPU
		{C115D48B-C1AF-410D-A134-9B6F2EB9D7DA}.Debug|x86.Build.0 = Debug|Any CPU
		{C115D48B-C1AF-410D-A134-9B6F2EB9D7DA}.Release|Any CPU.ActiveCfg = Release|Any CPU
		{C115D48B-C1AF-410D-A134-9B6F2EB9D7DA}.Release|Any CPU.Build.0 = Release|Any CPU
		{C115D48B-C1AF-410D-A134-9B6F2EB9D7DA}.Release|ARM64.ActiveCfg = Release|Any CPU
		{C115D48B-C1AF-410D-A134-9B6F2EB9D7DA}.Release|ARM64.Build.0 = Release|Any CPU
		{C115D48B-C1AF-410D-A134-9B6F2EB9D7DA}.Release|x64.ActiveCfg = Release|Any CPU
		{C115D48B-C1AF-410D-A134-9B6F2EB9D7DA}.Release|x64.Build.0 = Release|Any CPU
		{C115D48B-C1AF-410D-A134-9B6F2EB9D7DA}.Release|x86.ActiveCfg = Release|Any CPU
		{C115D48B-C1AF-410D-A134-9B6F2EB9D7DA}.Release|x86.Build.0 = Release|Any CPU
		{D98CEDF3-052A-4497-A7AC-2AA846030314}.Debug|Any CPU.ActiveCfg = Debug|Any CPU
		{D98CEDF3-052A-4497-A7AC-2AA846030314}.Debug|Any CPU.Build.0 = Debug|Any CPU
		{D98CEDF3-052A-4497-A7AC-2AA846030314}.Debug|ARM64.ActiveCfg = Debug|Any CPU
		{D98CEDF3-052A-4497-A7AC-2AA846030314}.Debug|ARM64.Build.0 = Debug|Any CPU
		{D98CEDF3-052A-4497-A7AC-2AA846030314}.Debug|x64.ActiveCfg = Debug|Any CPU
		{D98CEDF3-052A-4497-A7AC-2AA846030314}.Debug|x64.Build.0 = Debug|Any CPU
		{D98CEDF3-052A-4497-A7AC-2AA846030314}.Debug|x86.ActiveCfg = Debug|Any CPU
		{D98CEDF3-052A-4497-A7AC-2AA846030314}.Debug|x86.Build.0 = Debug|Any CPU
		{D98CEDF3-052A-4497-A7AC-2AA846030314}.Release|Any CPU.ActiveCfg = Release|Any CPU
		{D98CEDF3-052A-4497-A7AC-2AA846030314}.Release|Any CPU.Build.0 = Release|Any CPU
		{D98CEDF3-052A-4497-A7AC-2AA846030314}.Release|ARM64.ActiveCfg = Release|Any CPU
		{D98CEDF3-052A-4497-A7AC-2AA846030314}.Release|ARM64.Build.0 = Release|Any CPU
		{D98CEDF3-052A-4497-A7AC-2AA846030314}.Release|x64.ActiveCfg = Release|Any CPU
		{D98CEDF3-052A-4497-A7AC-2AA846030314}.Release|x64.Build.0 = Release|Any CPU
		{D98CEDF3-052A-4497-A7AC-2AA846030314}.Release|x86.ActiveCfg = Release|Any CPU
		{D98CEDF3-052A-4497-A7AC-2AA846030314}.Release|x86.Build.0 = Release|Any CPU
		{B9827A54-D4E2-4E12-A3D4-78BD7EA020C7}.Debug|Any CPU.ActiveCfg = Debug|Any CPU
		{B9827A54-D4E2-4E12-A3D4-78BD7EA020C7}.Debug|Any CPU.Build.0 = Debug|Any CPU
		{B9827A54-D4E2-4E12-A3D4-78BD7EA020C7}.Debug|ARM64.ActiveCfg = Debug|Any CPU
		{B9827A54-D4E2-4E12-A3D4-78BD7EA020C7}.Debug|ARM64.Build.0 = Debug|Any CPU
		{B9827A54-D4E2-4E12-A3D4-78BD7EA020C7}.Debug|x64.ActiveCfg = Debug|Any CPU
		{B9827A54-D4E2-4E12-A3D4-78BD7EA020C7}.Debug|x64.Build.0 = Debug|Any CPU
		{B9827A54-D4E2-4E12-A3D4-78BD7EA020C7}.Debug|x86.ActiveCfg = Debug|Any CPU
		{B9827A54-D4E2-4E12-A3D4-78BD7EA020C7}.Debug|x86.Build.0 = Debug|Any CPU
		{B9827A54-D4E2-4E12-A3D4-78BD7EA020C7}.Release|Any CPU.ActiveCfg = Release|Any CPU
		{B9827A54-D4E2-4E12-A3D4-78BD7EA020C7}.Release|Any CPU.Build.0 = Release|Any CPU
		{B9827A54-D4E2-4E12-A3D4-78BD7EA020C7}.Release|ARM64.ActiveCfg = Release|Any CPU
		{B9827A54-D4E2-4E12-A3D4-78BD7EA020C7}.Release|ARM64.Build.0 = Release|Any CPU
		{B9827A54-D4E2-4E12-A3D4-78BD7EA020C7}.Release|x64.ActiveCfg = Release|Any CPU
		{B9827A54-D4E2-4E12-A3D4-78BD7EA020C7}.Release|x64.Build.0 = Release|Any CPU
		{B9827A54-D4E2-4E12-A3D4-78BD7EA020C7}.Release|x86.ActiveCfg = Release|Any CPU
		{B9827A54-D4E2-4E12-A3D4-78BD7EA020C7}.Release|x86.Build.0 = Release|Any CPU
		{711A308A-F0D6-4C7A-B009-00404BF5A9D3}.Debug|Any CPU.ActiveCfg = Debug|Any CPU
		{711A308A-F0D6-4C7A-B009-00404BF5A9D3}.Debug|Any CPU.Build.0 = Debug|Any CPU
		{711A308A-F0D6-4C7A-B009-00404BF5A9D3}.Debug|ARM64.ActiveCfg = Debug|Any CPU
		{711A308A-F0D6-4C7A-B009-00404BF5A9D3}.Debug|ARM64.Build.0 = Debug|Any CPU
		{711A308A-F0D6-4C7A-B009-00404BF5A9D3}.Debug|x64.ActiveCfg = Debug|Any CPU
		{711A308A-F0D6-4C7A-B009-00404BF5A9D3}.Debug|x64.Build.0 = Debug|Any CPU
		{711A308A-F0D6-4C7A-B009-00404BF5A9D3}.Debug|x86.ActiveCfg = Debug|Any CPU
		{711A308A-F0D6-4C7A-B009-00404BF5A9D3}.Debug|x86.Build.0 = Debug|Any CPU
		{711A308A-F0D6-4C7A-B009-00404BF5A9D3}.Release|Any CPU.ActiveCfg = Release|Any CPU
		{711A308A-F0D6-4C7A-B009-00404BF5A9D3}.Release|Any CPU.Build.0 = Release|Any CPU
		{711A308A-F0D6-4C7A-B009-00404BF5A9D3}.Release|ARM64.ActiveCfg = Release|Any CPU
		{711A308A-F0D6-4C7A-B009-00404BF5A9D3}.Release|ARM64.Build.0 = Release|Any CPU
		{711A308A-F0D6-4C7A-B009-00404BF5A9D3}.Release|x64.ActiveCfg = Release|Any CPU
		{711A308A-F0D6-4C7A-B009-00404BF5A9D3}.Release|x64.Build.0 = Release|Any CPU
		{711A308A-F0D6-4C7A-B009-00404BF5A9D3}.Release|x86.ActiveCfg = Release|Any CPU
		{711A308A-F0D6-4C7A-B009-00404BF5A9D3}.Release|x86.Build.0 = Release|Any CPU
		{D69BEC4D-166C-4B96-B3FC-C859D9050C40}.Debug|Any CPU.ActiveCfg = Debug|Any CPU
		{D69BEC4D-166C-4B96-B3FC-C859D9050C40}.Debug|Any CPU.Build.0 = Debug|Any CPU
		{D69BEC4D-166C-4B96-B3FC-C859D9050C40}.Debug|ARM64.ActiveCfg = Debug|Any CPU
		{D69BEC4D-166C-4B96-B3FC-C859D9050C40}.Debug|ARM64.Build.0 = Debug|Any CPU
		{D69BEC4D-166C-4B96-B3FC-C859D9050C40}.Debug|x64.ActiveCfg = Debug|Any CPU
		{D69BEC4D-166C-4B96-B3FC-C859D9050C40}.Debug|x64.Build.0 = Debug|Any CPU
		{D69BEC4D-166C-4B96-B3FC-C859D9050C40}.Debug|x86.ActiveCfg = Debug|Any CPU
		{D69BEC4D-166C-4B96-B3FC-C859D9050C40}.Debug|x86.Build.0 = Debug|Any CPU
		{D69BEC4D-166C-4B96-B3FC-C859D9050C40}.Release|Any CPU.ActiveCfg = Release|Any CPU
		{D69BEC4D-166C-4B96-B3FC-C859D9050C40}.Release|Any CPU.Build.0 = Release|Any CPU
		{D69BEC4D-166C-4B96-B3FC-C859D9050C40}.Release|ARM64.ActiveCfg = Release|Any CPU
		{D69BEC4D-166C-4B96-B3FC-C859D9050C40}.Release|ARM64.Build.0 = Release|Any CPU
		{D69BEC4D-166C-4B96-B3FC-C859D9050C40}.Release|x64.ActiveCfg = Release|Any CPU
		{D69BEC4D-166C-4B96-B3FC-C859D9050C40}.Release|x64.Build.0 = Release|Any CPU
		{D69BEC4D-166C-4B96-B3FC-C859D9050C40}.Release|x86.ActiveCfg = Release|Any CPU
		{D69BEC4D-166C-4B96-B3FC-C859D9050C40}.Release|x86.Build.0 = Release|Any CPU
		{33682A3E-2F6D-4701-B414-ABD56A8E172E}.Debug|Any CPU.ActiveCfg = Debug|Any CPU
		{33682A3E-2F6D-4701-B414-ABD56A8E172E}.Debug|Any CPU.Build.0 = Debug|Any CPU
		{33682A3E-2F6D-4701-B414-ABD56A8E172E}.Debug|ARM64.ActiveCfg = Debug|Any CPU
		{33682A3E-2F6D-4701-B414-ABD56A8E172E}.Debug|ARM64.Build.0 = Debug|Any CPU
		{33682A3E-2F6D-4701-B414-ABD56A8E172E}.Debug|x64.ActiveCfg = Debug|Any CPU
		{33682A3E-2F6D-4701-B414-ABD56A8E172E}.Debug|x64.Build.0 = Debug|Any CPU
		{33682A3E-2F6D-4701-B414-ABD56A8E172E}.Debug|x86.ActiveCfg = Debug|Any CPU
		{33682A3E-2F6D-4701-B414-ABD56A8E172E}.Debug|x86.Build.0 = Debug|Any CPU
		{33682A3E-2F6D-4701-B414-ABD56A8E172E}.Release|Any CPU.ActiveCfg = Release|Any CPU
		{33682A3E-2F6D-4701-B414-ABD56A8E172E}.Release|Any CPU.Build.0 = Release|Any CPU
		{33682A3E-2F6D-4701-B414-ABD56A8E172E}.Release|ARM64.ActiveCfg = Release|Any CPU
		{33682A3E-2F6D-4701-B414-ABD56A8E172E}.Release|ARM64.Build.0 = Release|Any CPU
		{33682A3E-2F6D-4701-B414-ABD56A8E172E}.Release|x64.ActiveCfg = Release|Any CPU
		{33682A3E-2F6D-4701-B414-ABD56A8E172E}.Release|x64.Build.0 = Release|Any CPU
		{33682A3E-2F6D-4701-B414-ABD56A8E172E}.Release|x86.ActiveCfg = Release|Any CPU
		{33682A3E-2F6D-4701-B414-ABD56A8E172E}.Release|x86.Build.0 = Release|Any CPU
		{47A7A492-6A37-4BBF-97DB-1B0DDF66F2C6}.Debug|Any CPU.ActiveCfg = Debug|Any CPU
		{47A7A492-6A37-4BBF-97DB-1B0DDF66F2C6}.Debug|Any CPU.Build.0 = Debug|Any CPU
		{47A7A492-6A37-4BBF-97DB-1B0DDF66F2C6}.Debug|ARM64.ActiveCfg = Debug|Any CPU
		{47A7A492-6A37-4BBF-97DB-1B0DDF66F2C6}.Debug|ARM64.Build.0 = Debug|Any CPU
		{47A7A492-6A37-4BBF-97DB-1B0DDF66F2C6}.Debug|x64.ActiveCfg = Debug|Any CPU
		{47A7A492-6A37-4BBF-97DB-1B0DDF66F2C6}.Debug|x64.Build.0 = Debug|Any CPU
		{47A7A492-6A37-4BBF-97DB-1B0DDF66F2C6}.Debug|x86.ActiveCfg = Debug|Any CPU
		{47A7A492-6A37-4BBF-97DB-1B0DDF66F2C6}.Debug|x86.Build.0 = Debug|Any CPU
		{47A7A492-6A37-4BBF-97DB-1B0DDF66F2C6}.Release|Any CPU.ActiveCfg = Release|Any CPU
		{47A7A492-6A37-4BBF-97DB-1B0DDF66F2C6}.Release|Any CPU.Build.0 = Release|Any CPU
		{47A7A492-6A37-4BBF-97DB-1B0DDF66F2C6}.Release|ARM64.ActiveCfg = Release|Any CPU
		{47A7A492-6A37-4BBF-97DB-1B0DDF66F2C6}.Release|ARM64.Build.0 = Release|Any CPU
		{47A7A492-6A37-4BBF-97DB-1B0DDF66F2C6}.Release|x64.ActiveCfg = Release|Any CPU
		{47A7A492-6A37-4BBF-97DB-1B0DDF66F2C6}.Release|x64.Build.0 = Release|Any CPU
		{47A7A492-6A37-4BBF-97DB-1B0DDF66F2C6}.Release|x86.ActiveCfg = Release|Any CPU
		{47A7A492-6A37-4BBF-97DB-1B0DDF66F2C6}.Release|x86.Build.0 = Release|Any CPU
		{356D9138-A74A-479C-97AA-4FC7693C1551}.Debug|Any CPU.ActiveCfg = Debug|Any CPU
		{356D9138-A74A-479C-97AA-4FC7693C1551}.Debug|Any CPU.Build.0 = Debug|Any CPU
		{356D9138-A74A-479C-97AA-4FC7693C1551}.Debug|ARM64.ActiveCfg = Debug|Any CPU
		{356D9138-A74A-479C-97AA-4FC7693C1551}.Debug|ARM64.Build.0 = Debug|Any CPU
		{356D9138-A74A-479C-97AA-4FC7693C1551}.Debug|x64.ActiveCfg = Debug|Any CPU
		{356D9138-A74A-479C-97AA-4FC7693C1551}.Debug|x64.Build.0 = Debug|Any CPU
		{356D9138-A74A-479C-97AA-4FC7693C1551}.Debug|x86.ActiveCfg = Debug|Any CPU
		{356D9138-A74A-479C-97AA-4FC7693C1551}.Debug|x86.Build.0 = Debug|Any CPU
		{356D9138-A74A-479C-97AA-4FC7693C1551}.Release|Any CPU.ActiveCfg = Release|Any CPU
		{356D9138-A74A-479C-97AA-4FC7693C1551}.Release|Any CPU.Build.0 = Release|Any CPU
		{356D9138-A74A-479C-97AA-4FC7693C1551}.Release|ARM64.ActiveCfg = Release|Any CPU
		{356D9138-A74A-479C-97AA-4FC7693C1551}.Release|ARM64.Build.0 = Release|Any CPU
		{356D9138-A74A-479C-97AA-4FC7693C1551}.Release|x64.ActiveCfg = Release|Any CPU
		{356D9138-A74A-479C-97AA-4FC7693C1551}.Release|x64.Build.0 = Release|Any CPU
		{356D9138-A74A-479C-97AA-4FC7693C1551}.Release|x86.ActiveCfg = Release|Any CPU
		{356D9138-A74A-479C-97AA-4FC7693C1551}.Release|x86.Build.0 = Release|Any CPU
	EndGlobalSection
	GlobalSection(SolutionProperties) = preSolution
		HideSolutionNode = FALSE
	EndGlobalSection
	GlobalSection(NestedProjects) = preSolution
		{B6D57018-1A06-49C9-999D-733FAD782DA4} = {3166F64A-F53F-4569-B01E-FC62CD879509}
		{C115D48B-C1AF-410D-A134-9B6F2EB9D7DA} = {3166F64A-F53F-4569-B01E-FC62CD879509}
		{D69BEC4D-166C-4B96-B3FC-C859D9050C40} = {3166F64A-F53F-4569-B01E-FC62CD879509}
		{33682A3E-2F6D-4701-B414-ABD56A8E172E} = {967E3E19-F23E-4082-BD78-00D365832ED0}
		{47A7A492-6A37-4BBF-97DB-1B0DDF66F2C6} = {967E3E19-F23E-4082-BD78-00D365832ED0}
	EndGlobalSection
	GlobalSection(ExtensibilityGlobals) = postSolution
		SolutionGuid = {983A280F-C4EE-4B44-A72B-AC5058C9E32D}
	EndGlobalSection
EndGlobal
